
Microsoft Visual Studio Solution File, Format Version 11.00
# Visual Studio 2010
Project("{FAE04EC0-301F-11D3-BF4B-00C04F79EFBC}") = "UnityXNA2019", "Assembly-CSharp.csproj", "{B990E250-5B34-D782-D717-E2BB69475B13}"
EndProject
Global
	GlobalSection(SolutionConfigurationPlatforms) = preSolution
		Debug|Any CPU = Debug|Any CPU
		Release|Any CPU = Release|Any CPU
	EndGlobalSection
	GlobalSection(ProjectConfigurationPlatforms) = postSolution
		{B990E250-5B34-D782-D717-E2BB69475B13}.Debug|Any CPU.ActiveCfg = Debug|Any CPU
		{B990E250-5B34-D782-D717-E2BB69475B13}.Debug|Any CPU.Build.0 = Debug|Any CPU
		{B990E250-5B34-D782-D717-E2BB69475B13}.Release|Any CPU.ActiveCfg = Release|Any CPU
		{B990E250-5B34-D782-D717-E2BB69475B13}.Release|Any CPU.Build.0 = Release|Any CPU
	EndGlobalSection
	GlobalSection(SolutionProperties) = preSolution
		HideSolutionNode = FALSE
	EndGlobalSection
	GlobalSection(MonoDevelopProperties) = preSolution
		StartupItem = Assembly-CSharp.csproj
	EndGlobalSection
EndGlobal
